// !$*UTF8*$!
{
	archiveVersion = 1;
	classes = {
	};
	objectVersion = 46;
	objects = {

/* Begin PBXBuildFile section */
		8A266E7E1D5D711D006C5965 /* main.m in Sources */ = {isa = PBXBuildFile; fileRef = 8A266E7D1D5D711D006C5965 /* main.m */; };
		8A266E811D5D711D006C5965 /* AppDelegate.m in Sources */ = {isa = PBXBuildFile; fileRef = 8A266E801D5D711D006C5965 /* AppDelegate.m */; };
		8A266E841D5D711D006C5965 /* ViewController.m in Sources */ = {isa = PBXBuildFile; fileRef = 8A266E831D5D711D006C5965 /* ViewController.m */; };
		8A266E871D5D711D006C5965 /* Main.storyboard in Resources */ = {isa = PBXBuildFile; fileRef = 8A266E851D5D711D006C5965 /* Main.storyboard */; };
		8A266E891D5D711D006C5965 /* Assets.xcassets in Resources */ = {isa = PBXBuildFile; fileRef = 8A266E881D5D711D006C5965 /* Assets.xcassets */; };
		8A266E8C1D5D711D006C5965 /* LaunchScreen.storyboard in Resources */ = {isa = PBXBuildFile; fileRef = 8A266E8A1D5D711D006C5965 /* LaunchScreen.storyboard */; };
		8A266E971D5D71A4006C5965 /* YZStatusBarHUD.bundle in Resources */ = {isa = PBXBuildFile; fileRef = 8A266E941D5D71A4006C5965 /* YZStatusBarHUD.bundle */; };
		8A266E981D5D71A4006C5965 /* YZStatusBarHUD.m in Sources */ = {isa = PBXBuildFile; fileRef = 8A266E961D5D71A4006C5965 /* YZStatusBarHUD.m */; };
/* End PBXBuildFile section */

/* Begin PBXFileReference section */
		8A266E791D5D711D006C5965 /* YZStatusBarExample.app */ = {isa = PBXFileReference; explicitFileType = wrapper.application; includeInIndex = 0; path = YZStatusBarExample.app; sourceTree = BUILT_PRODUCTS_DIR; };
		8A266E7D1D5D711D006C5965 /* main.m */ = {isa = PBXFileReference; lastKnownFileType = sourcecode.c.objc; path = main.m; sourceTree = "<group>"; };
		8A266E7F1D5D711D006C5965 /* AppDelegate.h */ = {isa = PBXFileReference; lastKnownFileType = sourcecode.c.h; path = AppDelegate.h; sourceTree = "<group>"; };
		8A266E801D5D711D006C5965 /* AppDelegate.m */ = {isa = PBXFileReference; lastKnownFileType = sourcecode.c.objc; path = AppDelegate.m; sourceTree = "<group>"; };
		8A266E821D5D711D006C5965 /* ViewController.h */ = {isa = PBXFileReference; lastKnownFileType = sourcecode.c.h; path = ViewController.h; sourceTree = "<group>"; };
		8A266E831D5D711D006C5965 /* ViewController.m */ = {isa = PBXFileReference; lastKnownFileType = sourcecode.c.objc; path = ViewController.m; sourceTree = "<group>"; };
		8A266E861D5D711D006C5965 /* Base */ = {isa = PBXFileReference; lastKnownFileType = file.storyboard; name = Base; path = Base.lproj/Main.storyboard; sourceTree = "<group>"; };
		8A266E881D5D711D006C5965 /* Assets.xcassets */ = {isa = PBXFileReference; lastKnownFileType = folder.assetcatalog; path = Assets.xcassets; sourceTree = "<group>"; };
		8A266E8B1D5D711D006C5965 /* Base */ = {isa = PBXFileReference; lastKnownFileType = file.storyboard; name = Base; path = Base.lproj/LaunchScreen.storyboard; sourceTree = "<group>"; };
		8A266E8D1D5D711D006C5965 /* Info.plist */ = {isa = PBXFileReference; lastKnownFileType = text.plist.xml; path = Info.plist; sourceTree = "<group>"; };
		8A266E941D5D71A4006C5965 /* YZStatusBarHUD.bundle */ = {isa = PBXFileReference; lastKnownFileType = "wrapper.plug-in"; path = YZStatusBarHUD.bundle; sourceTree = "<group>"; };
		8A266E951D5D71A4006C5965 /* YZStatusBarHUD.h */ = {isa = PBXFileReference; fileEncoding = 4; lastKnownFileType = sourcecode.c.h; path = YZStatusBarHUD.h; sourceTree = "<group>"; };
		8A266E961D5D71A4006C5965 /* YZStatusBarHUD.m */ = {isa = PBXFileReference; fileEncoding = 4; lastKnownFileType = sourcecode.c.objc; path = YZStatusBarHUD.m; sourceTree = "<group>"; };
/* End PBXFileReference section */

/* Begin PBXFrameworksBuildPhase section */
		8A266E761D5D711D006C5965 /* Frameworks */ = {
			isa = PBXFrameworksBuildPhase;
			buildActionMask = 2147483647;
			files = (
			);
			runOnlyForDeploymentPostprocessing = 0;
		};
/* End PBXFrameworksBuildPhase section */

/* Begin PBXGroup section */
		8A266E701D5D711D006C5965 = {
			isa = PBXGroup;
			children = (
				8A266E7B1D5D711D006C5965 /* YZStatusBarExample */,
				8A266E7A1D5D711D006C5965 /* Products */,
			);
			sourceTree = "<group>";
		};
		8A266E7A1D5D711D006C5965 /* Products */ = {
			isa = PBXGroup;
			children = (
				8A266E791D5D711D006C5965 /* YZStatusBarExample.app */,
			);
			name = Products;
			sourceTree = "<group>";
		};
		8A266E7B1D5D711D006C5965 /* YZStatusBarExample */ = {
			isa = PBXGroup;
			children = (
				8A266E931D5D71A4006C5965 /* YZStatusBarHUD */,
				8A266E7F1D5D711D006C5965 /* AppDelegate.h */,
				8A266E801D5D711D006C5965 /* AppDelegate.m */,
				8A266E821D5D711D006C5965 /* ViewController.h */,
				8A266E831D5D711D006C5965 /* ViewController.m */,
				8A266E851D5D711D006C5965 /* Main.storyboard */,
				8A266E881D5D711D006C5965 /* Assets.xcassets */,
				8A266E8A1D5D711D006C5965 /* LaunchScreen.storyboard */,
				8A266E8D1D5D711D006C5965 /* Info.plist */,
				8A266E7C1D5D711D006C5965 /* Supporting Files */,
			);
			path = YZStatusBarExample;
			sourceTree = "<group>";
		};
		8A266E7C1D5D711D006C5965 /* Supporting Files */ = {
			isa = PBXGroup;
			children = (
				8A266E7D1D5D711D006C5965 /* main.m */,
			);
			name = "Supporting Files";
			sourceTree = "<group>";
		};
		8A266E931D5D71A4006C5965 /* YZStatusBarHUD */ = {
			isa = PBXGroup;
			children = (
				8A266E941D5D71A4006C5965 /* YZStatusBarHUD.bundle */,
				8A266E951D5D71A4006C5965 /* YZStatusBarHUD.h */,
				8A266E961D5D71A4006C5965 /* YZStatusBarHUD.m */,
			);
			name = YZStatusBarHUD;
			path = ../../YZStatusBarHUD;
			sourceTree = "<group>";
		};
/* End PBXGroup section */

/* Begin PBXNativeTarget section */
		8A266E781D5D711D006C5965 /* YZStatusBarExample */ = {
			isa = PBXNativeTarget;
			buildConfigurationList = 8A266E901D5D711D006C5965 /* Build configuration list for PBXNativeTarget "YZStatusBarExample" */;
			buildPhases = (
				8A266E751D5D711D006C5965 /* Sources */,
				8A266E761D5D711D006C5965 /* Frameworks */,
				8A266E771D5D711D006C5965 /* Resources */,
			);
			buildRules = (
			);
			dependencies = (
			);
			name = YZStatusBarExample;
			productName = YZStatusBarExample;
			productReference = 8A266E791D5D711D006C5965 /* YZStatusBarExample.app */;
			productType = "com.apple.product-type.application";
		};
/* End PBXNativeTarget section */

/* Begin PBXProject section */
		8A266E711D5D711D006C5965 /* Project object */ = {
			isa = PBXProject;
			attributes = {
				LastUpgradeCheck = 0730;
				ORGANIZATIONNAME = fda;
				TargetAttributes = {
					8A266E781D5D711D006C5965 = {
						CreatedOnToolsVersion = 7.3.1;
						DevelopmentTeam = W46FRQ7PW6;
					};
				};
			};
			buildConfigurationList = 8A266E741D5D711D006C5965 /* Build configuration list for PBXProject "YZStatusBarExample" */;
			compatibilityVersion = "Xcode 3.2";
			developmentRegion = English;
			hasScannedForEncodings = 0;
			knownRegions = (
				en,
				Base,
			);
			mainGroup = 8A266E701D5D711D006C5965;
			productRefGroup = 8A266E7A1D5D711D006C5965 /* Products */;
			projectDirPath = "";
			projectRoot = "";
			targets = (
				8A266E781D5D711D006C5965 /* YZStatusBarExample */,
			);
		};
/* End PBXProject section */

/* Begin PBXResourcesBuildPhase section */
		8A266E771D5D711D006C5965 /* Resources */ = {
			isa = PBXResourcesBuildPhase;
			buildActionMask = 2147483647;
			files = (
				8A266E8C1D5D711D006C5965 /* LaunchScreen.storyboard in Resources */,
				8A266E891D5D711D006C5965 /* Assets.xcassets in Resources */,
				8A266E971D5D71A4006C5965 /* YZStatusBarHUD.bundle in Resources */,
				8A266E871D5D711D006C5965 /* Main.storyboard in Resources */,
			);
			runOnlyForDeploymentPostprocessing = 0;
		};
/* End PBXResourcesBuildPhase section */

/* Begin PBXSourcesBuildPhase section */
		8A266E751D5D711D006C5965 /* Sources */ = {
			isa = PBXSourcesBuildPhase;
			buildActionMask = 2147483647;
			files = (
				8A266E981D5D71A4006C5965 /* YZStatusBarHUD.m in Sources */,
				8A266E841D5D711D006C5965 /* ViewController.m in Sources */,
				8A266E811D5D711D006C5965 /* AppDelegate.m in Sources */,
				8A266E7E1D5D711D006C5965 /* main.m in Sources */,
			);
			runOnlyForDeploymentPostprocessing = 0;
		};
/* End PBXSourcesBuildPhase section */

/* Begin PBXVariantGroup section */
		8A266E851D5D711D006C5965 /* Main.storyboard */ = {
			isa = PBXVariantGroup;
			children = (
				8A266E861D5D711D006C5965 /* Base */,
			);
			name = Main.storyboard;
			sourceTree = "<group>";
		};
		8A266E8A1D5D711D006C5965 /* LaunchScreen.storyboard */ = {
			isa = PBXVariantGroup;
			children = (
				8A266E8B1D5D711D006C5965 /* Base */,
			);
			name = LaunchScreen.storyboard;
			sourceTree = "<group>";
		};
/* End PBXVariantGroup section */

/* Begin XCBuildConfiguration section */
		8A266E8E1D5D711D006C5965 /* Debug */ = {
			isa = XCBuildConfiguration;
			buildSettings = {
				ALWAYS_SEARCH_USER_PATHS = NO;
				CLANG_ANALYZER_NONNULL = YES;
				CLANG_CXX_LANGUAGE_STANDARD = "gnu++0x";
				CLANG_CXX_LIBRARY = "libc++";
				CLANG_ENABLE_MODULES = YES;
				CLANG_ENABLE_OBJC_ARC = YES;
				CLANG_WARN_BOOL_CONVERSION = YES;
				CLANG_WARN_CONSTANT_CONVERSION = YES;
				CLANG_WARN_DIRECT_OBJC_ISA_USAGE = YES_ERROR;
				CLANG_WARN_EMPTY_BODY = YES;
				CLANG_WARN_ENUM_CONVERSION = YES;
				CLANG_WARN_INT_CONVERSION = YES;
				CLANG_WARN_OBJC_ROOT_CLASS = YES_ERROR;
				CLANG_WARN_UNREACHABLE_CODE = YES;
				CLANG_WARN__DUPLICATE_METHOD_MATCH = YES;
				"CODE_SIGN_IDENTITY[sdk=iphoneos*]" = "iPhone Developer";
				COPY_PHASE_STRIP = NO;
				DEBUG_INFORMATION_FORMAT = dwarf;
				ENABLE_STRICT_OBJC_MSGSEND = YES;
				ENABLE_TESTABILITY = YES;
				GCC_C_LANGUAGE_STANDARD = gnu99;
				GCC_DYNAMIC_NO_PIC = NO;
				GCC_NO_COMMON_BLOCKS = YES;
				GCC_OPTIMIZATION_LEVEL = 0;
				GCC_PREPROCESSOR_DEFINITIONS = (
					"DEBUG=1",
					"$(inherited)",
				);
				GCC_WARN_64_TO_32_BIT_CONVERSION = YES;
				GCC_WARN_ABOUT_RETURN_TYPE = YES_ERROR;
				GCC_WARN_UNDECLARED_SELECTOR = YES;
				GCC_WARN_UNINITIALIZED_AUTOS = YES_AGGRESSIVE;
				GCC_WARN_UNUSED_FUNCTION = YES;
				GCC_WARN_UNUSED_VARIABLE = YES;
				IPHONEOS_DEPLOYMENT_TARGET = 9.3;
				MTL_ENABLE_DEBUG_INFO = YES;
				ONLY_ACTIVE_ARCH = YES;
				SDKROOT = iphoneos;
			};
			name = Debug;
		};
		8A266E8F1D5D711D006C5965 /* Release */ = {
			isa = XCBuildConfiguration;
			buildSettings = {
				ALWAYS_SEARCH_USER_PATHS = NO;
				CLANG_ANALYZER_NONNULL = YES;
				CLANG_CXX_LANGUAGE_STANDARD = "gnu++0x";
				CLANG_CXX_LIBRARY = "libc++";
				CLANG_ENABLE_MODULES = YES;
				CLANG_ENABLE_OBJC_ARC = YES;
				CLANG_WARN_BOOL_CONVERSION = YES;
				CLANG_WARN_CONSTANT_CONVERSION = YES;
				CLANG_WARN_DIRECT_OBJC_ISA_USAGE = YES_ERROR;
				CLANG_WARN_EMPTY_BODY = YES;
				CLANG_WARN_ENUM_CONVERSION = YES;
				CLANG_WARN_INT_CONVERSION = YES;
				CLANG_WARN_OBJC_ROOT_CLASS = YES_ERROR;
				CLANG_WARN_UNREACHABLE_CODE = YES;
				CLANG_WARN__DUPLICATE_METHOD_MATCH = YES;
				"CODE_SIGN_IDENTITY[sdk=iphoneos*]" = "iPhone Developer";
				COPY_PHASE_STRIP = NO;
				DEBUG_INFORMATION_FORMAT = "dwarf-with-dsym";
				ENABLE_NS_ASSERTIONS = NO;
				ENABLE_STRICT_OBJC_MSGSEND = YES;
				GCC_C_LANGUAGE_STANDARD = gnu99;
				GCC_NO_COMMON_BLOCKS = YES;
				GCC_WARN_64_TO_32_BIT_CONVERSION = YES;
				GCC_WARN_ABOUT_RETURN_TYPE = YES_ERROR;
				GCC_WARN_UNDECLARED_SELECTOR = YES;
				GCC_WARN_UNINITIALIZED_AUTOS = YES_AGGRESSIVE;
				GCC_WARN_UNUSED_FUNCTION = YES;
				GCC_WARN_UNUSED_VARIABLE = YES;
				IPHONEOS_DEPLOYMENT_TARGET = 9.3;
				MTL_ENABLE_DEBUG_INFO = NO;
				SDKROOT = iphoneos;
				VALIDATE_PRODUCT = YES;
			};
			name = Release;
		};
		8A266E911D5D711D006C5965 /* Debug */ = {
			isa = XCBuildConfiguration;
			buildSettings = {
				ASSETCATALOG_COMPILER_APPICON_NAME = AppIcon;
				INFOPLIST_FILE = YZStatusBarExample/Info.plist;
				LD_RUNPATH_SEARCH_PATHS = "$(inherited) @executable_path/Frameworks";
				PRODUCT_BUNDLE_IDENTIFIER = gov.fda.YZStatusBarExample;
				PRODUCT_NAME = "$(TARGET_NAME)";
			};
			name = Debug;
		};
		8A266E921D5D711D006C5965 /* Release */ = {
			isa = XCBuildConfiguration;
			buildSettings = {
				ASSETCATALOG_COMPILER_APPICON_NAME = AppIcon;
				INFOPLIST_FILE = YZStatusBarExample/Info.plist;
				LD_RUNPATH_SEARCH_PATHS = "$(inherited) @executable_path/Frameworks";
				PRODUCT_BUNDLE_IDENTIFIER = gov.fda.YZStatusBarExample;
				PRODUCT_NAME = "$(TARGET_NAME)";
			};
			name = Release;
		};
/* End XCBuildConfiguration section */

/* Begin XCConfigurationList section */
		8A266E741D5D711D006C5965 /* Build configuration list for PBXProject "YZStatusBarExample" */ = {
			isa = XCConfigurationList;
			buildConfigurations = (
				8A266E8E1D5D711D006C5965 /* Debug */,
				8A266E8F1D5D711D006C5965 /* Release */,
			);
			defaultConfigurationIsVisible = 0;
			defaultConfigurationName = Release;
		};
		8A266E901D5D711D006C5965 /* Build configuration list for PBXNativeTarget "YZStatusBarExample" */ = {
			isa = XCConfigurationList;
			buildConfigurations = (
				8A266E911D5D711D006C5965 /* Debug */,
				8A266E921D5D711D006C5965 /* Release */,
			);
			defaultConfigurationIsVisible = 0;
			defaultConfigurationName = Release;
		};
/* End XCConfigurationList section */
	};
	rootObject = 8A266E711D5D711D006C5965 /* Project object */;
}
